// !$*UTF8*$!
{
	archiveVersion = 1;
	classes = {
	};
	objectVersion = 46;
	objects = {

/* Begin PBXBuildFile section */
		EEB4DC3A1D2428DD00713534 /* main.m in Sources */ = {isa = PBXBuildFile; fileRef = EEB4DC391D2428DD00713534 /* main.m */; };
		EEB4DC3D1D2428DD00713534 /* AppDelegate.m in Sources */ = {isa = PBXBuildFile; fileRef = EEB4DC3C1D2428DD00713534 /* AppDelegate.m */; };
		EEB4DC431D2428DD00713534 /* Main.storyboard in Resources */ = {isa = PBXBuildFile; fileRef = EEB4DC411D2428DD00713534 /* Main.storyboard */; };
		EEB4DC461D2428DD00713534 /* News.xcdatamodeld in Sources */ = {isa = PBXBuildFile; fileRef = EEB4DC441D2428DD00713534 /* News.xcdatamodeld */; };
		EEB4DC481D2428DD00713534 /* Assets.xcassets in Resources */ = {isa = PBXBuildFile; fileRef = EEB4DC471D2428DD00713534 /* Assets.xcassets */; };
		EEB4DC4B1D2428DD00713534 /* LaunchScreen.storyboard in Resources */ = {isa = PBXBuildFile; fileRef = EEB4DC491D2428DD00713534 /* LaunchScreen.storyboard */; };
		EEB4DC541D2429CF00713534 /* DetailViewController.m in Sources */ = {isa = PBXBuildFile; fileRef = EEB4DC531D2429CF00713534 /* DetailViewController.m */; };
		EEB4DC571D2429EF00713534 /* MenuTableViewController.m in Sources */ = {isa = PBXBuildFile; fileRef = EEB4DC561D2429EF00713534 /* MenuTableViewController.m */; };
		EEB4DC5A1D243E3B00713534 /* NewsCell.m in Sources */ = {isa = PBXBuildFile; fileRef = EEB4DC591D243E3B00713534 /* NewsCell.m */; };
		EED408961D25C2E1004E36B9 /* News+CoreDataProperties.m in Sources */ = {isa = PBXBuildFile; fileRef = EED408931D25C2E1004E36B9 /* News+CoreDataProperties.m */; };
		EED408971D25C2E1004E36B9 /* News.m in Sources */ = {isa = PBXBuildFile; fileRef = EED408951D25C2E1004E36B9 /* News.m */; };
		EED4089B1D25C306004E36B9 /* DataManager.m in Sources */ = {isa = PBXBuildFile; fileRef = EED4089A1D25C306004E36B9 /* DataManager.m */; };
		EED4089D1D265809004E36B9 /* CoreData.framework in Frameworks */ = {isa = PBXBuildFile; fileRef = EED4089C1D265808004E36B9 /* CoreData.framework */; };
		EED4089F1D26583D004E36B9 /* SystemConfiguration.framework in Frameworks */ = {isa = PBXBuildFile; fileRef = EED4089E1D26583D004E36B9 /* SystemConfiguration.framework */; };
		EED408A21D265B5E004E36B9 /* Reachability.m in Sources */ = {isa = PBXBuildFile; fileRef = EED408A11D265B5E004E36B9 /* Reachability.m */; settings = {COMPILER_FLAGS = "-fno-objc-arc"; }; };
/* End PBXBuildFile section */

/* Begin PBXFileReference section */
		EEB4DC351D2428DD00713534 /* News.app */ = {isa = PBXFileReference; explicitFileType = wrapper.application; includeInIndex = 0; path = News.app; sourceTree = BUILT_PRODUCTS_DIR; };
		EEB4DC391D2428DD00713534 /* main.m */ = {isa = PBXFileReference; lastKnownFileType = sourcecode.c.objc; path = main.m; sourceTree = "<group>"; };
		EEB4DC3B1D2428DD00713534 /* AppDelegate.h */ = {isa = PBXFileReference; lastKnownFileType = sourcecode.c.h; path = AppDelegate.h; sourceTree = "<group>"; };
		EEB4DC3C1D2428DD00713534 /* AppDelegate.m */ = {isa = PBXFileReference; lastKnownFileType = sourcecode.c.objc; path = AppDelegate.m; sourceTree = "<group>"; };
		EEB4DC421D2428DD00713534 /* Base */ = {isa = PBXFileReference; lastKnownFileType = file.storyboard; name = Base; path = Base.lproj/Main.storyboard; sourceTree = "<group>"; };
		EEB4DC451D2428DD00713534 /* News.xcdatamodel */ = {isa = PBXFileReference; lastKnownFileType = wrapper.xcdatamodel; path = News.xcdatamodel; sourceTree = "<group>"; };
		EEB4DC471D2428DD00713534 /* Assets.xcassets */ = {isa = PBXFileReference; lastKnownFileType = folder.assetcatalog; path = Assets.xcassets; sourceTree = "<group>"; };
		EEB4DC4A1D2428DD00713534 /* Base */ = {isa = PBXFileReference; lastKnownFileType = file.storyboard; name = Base; path = Base.lproj/LaunchScreen.storyboard; sourceTree = "<group>"; };
		EEB4DC4C1D2428DD00713534 /* Info.plist */ = {isa = PBXFileReference; lastKnownFileType = text.plist.xml; path = Info.plist; sourceTree = "<group>"; };
		EEB4DC521D2429CF00713534 /* DetailViewController.h */ = {isa = PBXFileReference; fileEncoding = 4; lastKnownFileType = sourcecode.c.h; path = DetailViewController.h; sourceTree = "<group>"; };
		EEB4DC531D2429CF00713534 /* DetailViewController.m */ = {isa = PBXFileReference; fileEncoding = 4; lastKnownFileType = sourcecode.c.objc; path = DetailViewController.m; sourceTree = "<group>"; };
		EEB4DC551D2429EF00713534 /* MenuTableViewController.h */ = {isa = PBXFileReference; fileEncoding = 4; lastKnownFileType = sourcecode.c.h; path = MenuTableViewController.h; sourceTree = "<group>"; };
		EEB4DC561D2429EF00713534 /* MenuTableViewController.m */ = {isa = PBXFileReference; fileEncoding = 4; lastKnownFileType = sourcecode.c.objc; path = MenuTableViewController.m; sourceTree = "<group>"; };
		EEB4DC581D243E3B00713534 /* NewsCell.h */ = {isa = PBXFileReference; fileEncoding = 4; lastKnownFileType = sourcecode.c.h; path = NewsCell.h; sourceTree = "<group>"; };
		EEB4DC591D243E3B00713534 /* NewsCell.m */ = {isa = PBXFileReference; fileEncoding = 4; lastKnownFileType = sourcecode.c.objc; path = NewsCell.m; sourceTree = "<group>"; };
		EED408921D25C2E1004E36B9 /* News+CoreDataProperties.h */ = {isa = PBXFileReference; fileEncoding = 4; lastKnownFileType = sourcecode.c.h; path = "News+CoreDataProperties.h"; sourceTree = "<group>"; };
		EED408931D25C2E1004E36B9 /* News+CoreDataProperties.m */ = {isa = PBXFileReference; fileEncoding = 4; lastKnownFileType = sourcecode.c.objc; path = "News+CoreDataProperties.m"; sourceTree = "<group>"; };
		EED408941D25C2E1004E36B9 /* News.h */ = {isa = PBXFileReference; fileEncoding = 4; lastKnownFileType = sourcecode.c.h; path = News.h; sourceTree = "<group>"; };
		EED408951D25C2E1004E36B9 /* News.m */ = {isa = PBXFileReference; fileEncoding = 4; lastKnownFileType = sourcecode.c.objc; path = News.m; sourceTree = "<group>"; };
		EED408991D25C306004E36B9 /* DataManager.h */ = {isa = PBXFileReference; fileEncoding = 4; lastKnownFileType = sourcecode.c.h; path = DataManager.h; sourceTree = "<group>"; };
		EED4089A1D25C306004E36B9 /* DataManager.m */ = {isa = PBXFileReference; fileEncoding = 4; lastKnownFileType = sourcecode.c.objc; path = DataManager.m; sourceTree = "<group>"; };
		EED4089C1D265808004E36B9 /* CoreData.framework */ = {isa = PBXFileReference; lastKnownFileType = wrapper.framework; name = CoreData.framework; path = System/Library/Frameworks/CoreData.framework; sourceTree = SDKROOT; };
		EED4089E1D26583D004E36B9 /* SystemConfiguration.framework */ = {isa = PBXFileReference; lastKnownFileType = wrapper.framework; name = SystemConfiguration.framework; path = System/Library/Frameworks/SystemConfiguration.framework; sourceTree = SDKROOT; };
		EED408A01D265B5E004E36B9 /* Reachability.h */ = {isa = PBXFileReference; fileEncoding = 4; lastKnownFileType = sourcecode.c.h; path = Reachability.h; sourceTree = "<group>"; };
		EED408A11D265B5E004E36B9 /* Reachability.m */ = {isa = PBXFileReference; fileEncoding = 4; lastKnownFileType = sourcecode.c.objc; path = Reachability.m; sourceTree = "<group>"; };
/* End PBXFileReference section */

/* Begin PBXFrameworksBuildPhase section */
		EEB4DC321D2428DD00713534 /* Frameworks */ = {
			isa = PBXFrameworksBuildPhase;
			buildActionMask = 2147483647;
			files = (
				EED4089F1D26583D004E36B9 /* SystemConfiguration.framework in Frameworks */,
				EED4089D1D265809004E36B9 /* CoreData.framework in Frameworks */,
			);
			runOnlyForDeploymentPostprocessing = 0;
		};
/* End PBXFrameworksBuildPhase section */

/* Begin PBXGroup section */
		EEB4DC2C1D2428DD00713534 = {
			isa = PBXGroup;
			children = (
				EED4089E1D26583D004E36B9 /* SystemConfiguration.framework */,
				EED4089C1D265808004E36B9 /* CoreData.framework */,
				EEB4DC371D2428DD00713534 /* News */,
				EEB4DC361D2428DD00713534 /* Products */,
			);
			sourceTree = "<group>";
		};
		EEB4DC361D2428DD00713534 /* Products */ = {
			isa = PBXGroup;
			children = (
				EEB4DC351D2428DD00713534 /* News.app */,
			);
			name = Products;
			sourceTree = "<group>";
		};
		EEB4DC371D2428DD00713534 /* News */ = {
			isa = PBXGroup;
			children = (
				EEB4DC3B1D2428DD00713534 /* AppDelegate.h */,
				EEB4DC3C1D2428DD00713534 /* AppDelegate.m */,
				EED408991D25C306004E36B9 /* DataManager.h */,
				EED4089A1D25C306004E36B9 /* DataManager.m */,
				EEB4DC581D243E3B00713534 /* NewsCell.h */,
				EEB4DC591D243E3B00713534 /* NewsCell.m */,
				EEB4DC551D2429EF00713534 /* MenuTableViewController.h */,
				EEB4DC561D2429EF00713534 /* MenuTableViewController.m */,
				EEB4DC521D2429CF00713534 /* DetailViewController.h */,
				EEB4DC531D2429CF00713534 /* DetailViewController.m */,
				EEB4DC411D2428DD00713534 /* Main.storyboard */,
				EEB4DC471D2428DD00713534 /* Assets.xcassets */,
				EEB4DC491D2428DD00713534 /* LaunchScreen.storyboard */,
				EEB4DC4C1D2428DD00713534 /* Info.plist */,
				EEB4DC441D2428DD00713534 /* News.xcdatamodeld */,
				EED408981D25C2E5004E36B9 /* Model */,
				EEB4DC381D2428DD00713534 /* Supporting Files */,
			);
			path = News;
			sourceTree = "<group>";
		};
		EEB4DC381D2428DD00713534 /* Supporting Files */ = {
			isa = PBXGroup;
			children = (
				EED408A01D265B5E004E36B9 /* Reachability.h */,
				EED408A11D265B5E004E36B9 /* Reachability.m */,
				EEB4DC391D2428DD00713534 /* main.m */,
			);
			name = "Supporting Files";
			sourceTree = "<group>";
		};
		EED408981D25C2E5004E36B9 /* Model */ = {
			isa = PBXGroup;
			children = (
				EED408921D25C2E1004E36B9 /* News+CoreDataProperties.h */,
				EED408931D25C2E1004E36B9 /* News+CoreDataProperties.m */,
				EED408941D25C2E1004E36B9 /* News.h */,
				EED408951D25C2E1004E36B9 /* News.m */,
			);
			name = Model;
			sourceTree = "<group>";
		};
/* End PBXGroup section */

/* Begin PBXNativeTarget section */
		EEB4DC341D2428DD00713534 /* News */ = {
			isa = PBXNativeTarget;
			buildConfigurationList = EEB4DC4F1D2428DD00713534 /* Build configuration list for PBXNativeTarget "News" */;
			buildPhases = (
				EEB4DC311D2428DD00713534 /* Sources */,
				EEB4DC321D2428DD00713534 /* Frameworks */,
				EEB4DC331D2428DD00713534 /* Resources */,
			);
			buildRules = (
			);
			dependencies = (
			);
			name = News;
			productName = News;
			productReference = EEB4DC351D2428DD00713534 /* News.app */;
			productType = "com.apple.product-type.application";
		};
/* End PBXNativeTarget section */

/* Begin PBXProject section */
		EEB4DC2D1D2428DD00713534 /* Project object */ = {
			isa = PBXProject;
			attributes = {
				LastUpgradeCheck = 0720;
				ORGANIZATIONNAME = "Игорь Талов";
				TargetAttributes = {
					EEB4DC341D2428DD00713534 = {
						CreatedOnToolsVersion = 7.2;
						DevelopmentTeam = GU388YC6S7;
					};
				};
			};
			buildConfigurationList = EEB4DC301D2428DD00713534 /* Build configuration list for PBXProject "News" */;
			compatibilityVersion = "Xcode 3.2";
			developmentRegion = English;
			hasScannedForEncodings = 0;
			knownRegions = (
				en,
				Base,
			);
			mainGroup = EEB4DC2C1D2428DD00713534;
			productRefGroup = EEB4DC361D2428DD00713534 /* Products */;
			projectDirPath = "";
			projectRoot = "";
			targets = (
				EEB4DC341D2428DD00713534 /* News */,
			);
		};
/* End PBXProject section */

/* Begin PBXResourcesBuildPhase section */
		EEB4DC331D2428DD00713534 /* Resources */ = {
			isa = PBXResourcesBuildPhase;
			buildActionMask = 2147483647;
			files = (
				EEB4DC4B1D2428DD00713534 /* LaunchScreen.storyboard in Resources */,
				EEB4DC481D2428DD00713534 /* Assets.xcassets in Resources */,
				EEB4DC431D2428DD00713534 /* Main.storyboard in Resources */,
			);
			runOnlyForDeploymentPostprocessing = 0;
		};
/* End PBXResourcesBuildPhase section */

/* Begin PBXSourcesBuildPhase section */
		EEB4DC311D2428DD00713534 /* Sources */ = {
			isa = PBXSourcesBuildPhase;
			buildActionMask = 2147483647;
			files = (
				EEB4DC3D1D2428DD00713534 /* AppDelegate.m in Sources */,
				EEB4DC461D2428DD00713534 /* News.xcdatamodeld in Sources */,
				EEB4DC5A1D243E3B00713534 /* NewsCell.m in Sources */,
				EED408961D25C2E1004E36B9 /* News+CoreDataProperties.m in Sources */,
				EED408A21D265B5E004E36B9 /* Reachability.m in Sources */,
				EEB4DC3A1D2428DD00713534 /* main.m in Sources */,
				EEB4DC541D2429CF00713534 /* DetailViewController.m in Sources */,
				EED408971D25C2E1004E36B9 /* News.m in Sources */,
				EED4089B1D25C306004E36B9 /* DataManager.m in Sources */,
				EEB4DC571D2429EF00713534 /* MenuTableViewController.m in Sources */,
			);
			runOnlyForDeploymentPostprocessing = 0;
		};
/* End PBXSourcesBuildPhase section */

/* Begin PBXVariantGroup section */
		EEB4DC411D2428DD00713534 /* Main.storyboard */ = {
			isa = PBXVariantGroup;
			children = (
				EEB4DC421D2428DD00713534 /* Base */,
			);
			name = Main.storyboard;
			sourceTree = "<group>";
		};
		EEB4DC491D2428DD00713534 /* LaunchScreen.storyboard */ = {
			isa = PBXVariantGroup;
			children = (
				EEB4DC4A1D2428DD00713534 /* Base */,
			);
			name = LaunchScreen.storyboard;
			sourceTree = "<group>";
		};
/* End PBXVariantGroup section */

/* Begin XCBuildConfiguration section */
		EEB4DC4D1D2428DD00713534 /* Debug */ = {
			isa = XCBuildConfiguration;
			buildSettings = {
				ALWAYS_SEARCH_USER_PATHS = NO;
				CLANG_CXX_LANGUAGE_STANDARD = "gnu++0x";
				CLANG_CXX_LIBRARY = "libc++";
				CLANG_ENABLE_MODULES = YES;
				CLANG_ENABLE_OBJC_ARC = YES;
				CLANG_WARN_BOOL_CONVERSION = YES;
				CLANG_WARN_CONSTANT_CONVERSION = YES;
				CLANG_WARN_DIRECT_OBJC_ISA_USAGE = YES_ERROR;
				CLANG_WARN_EMPTY_BODY = YES;
				CLANG_WARN_ENUM_CONVERSION = YES;
				CLANG_WARN_INT_CONVERSION = YES;
				CLANG_WARN_OBJC_ROOT_CLASS = YES_ERROR;
				CLANG_WARN_UNREACHABLE_CODE = YES;
				CLANG_WARN__DUPLICATE_METHOD_MATCH = YES;
				"CODE_SIGN_IDENTITY[sdk=iphoneos*]" = "iPhone Developer";
				COPY_PHASE_STRIP = NO;
				DEBUG_INFORMATION_FORMAT = dwarf;
				ENABLE_STRICT_OBJC_MSGSEND = YES;
				ENABLE_TESTABILITY = YES;
				GCC_C_LANGUAGE_STANDARD = gnu99;
				GCC_DYNAMIC_NO_PIC = NO;
				GCC_NO_COMMON_BLOCKS = YES;
				GCC_OPTIMIZATION_LEVEL = 0;
				GCC_PREPROCESSOR_DEFINITIONS = (
					"DEBUG=1",
					"$(inherited)",
				);
				GCC_WARN_64_TO_32_BIT_CONVERSION = YES;
				GCC_WARN_ABOUT_RETURN_TYPE = YES_ERROR;
				GCC_WARN_UNDECLARED_SELECTOR = YES;
				GCC_WARN_UNINITIALIZED_AUTOS = YES_AGGRESSIVE;
				GCC_WARN_UNUSED_FUNCTION = YES;
				GCC_WARN_UNUSED_VARIABLE = YES;
				IPHONEOS_DEPLOYMENT_TARGET = 9.2;
				MTL_ENABLE_DEBUG_INFO = YES;
				ONLY_ACTIVE_ARCH = YES;
				SDKROOT = iphoneos;
				TARGETED_DEVICE_FAMILY = 2;
			};
			name = Debug;
		};
		EEB4DC4E1D2428DD00713534 /* Release */ = {
			isa = XCBuildConfiguration;
			buildSettings = {
				ALWAYS_SEARCH_USER_PATHS = NO;
				CLANG_CXX_LANGUAGE_STANDARD = "gnu++0x";
				CLANG_CXX_LIBRARY = "libc++";
				CLANG_ENABLE_MODULES = YES;
				CLANG_ENABLE_OBJC_ARC = YES;
				CLANG_WARN_BOOL_CONVERSION = YES;
				CLANG_WARN_CONSTANT_CONVERSION = YES;
				CLANG_WARN_DIRECT_OBJC_ISA_USAGE = YES_ERROR;
				CLANG_WARN_EMPTY_BODY = YES;
				CLANG_WARN_ENUM_CONVERSION = YES;
				CLANG_WARN_INT_CONVERSION = YES;
				CLANG_WARN_OBJC_ROOT_CLASS = YES_ERROR;
				CLANG_WARN_UNREACHABLE_CODE = YES;
				CLANG_WARN__DUPLICATE_METHOD_MATCH = YES;
				"CODE_SIGN_IDENTITY[sdk=iphoneos*]" = "iPhone Developer";
				COPY_PHASE_STRIP = NO;
				DEBUG_INFORMATION_FORMAT = "dwarf-with-dsym";
				ENABLE_NS_ASSERTIONS = NO;
				ENABLE_STRICT_OBJC_MSGSEND = YES;
				GCC_C_LANGUAGE_STANDARD = gnu99;
				GCC_NO_COMMON_BLOCKS = YES;
				GCC_WARN_64_TO_32_BIT_CONVERSION = YES;
				GCC_WARN_ABOUT_RETURN_TYPE = YES_ERROR;
				GCC_WARN_UNDECLARED_SELECTOR = YES;
				GCC_WARN_UNINITIALIZED_AUTOS = YES_AGGRESSIVE;
				GCC_WARN_UNUSED_FUNCTION = YES;
				GCC_WARN_UNUSED_VARIABLE = YES;
				IPHONEOS_DEPLOYMENT_TARGET = 9.2;
				MTL_ENABLE_DEBUG_INFO = NO;
				SDKROOT = iphoneos;
				TARGETED_DEVICE_FAMILY = 2;
				VALIDATE_PRODUCT = YES;
			};
			name = Release;
		};
		EEB4DC501D2428DD00713534 /* Debug */ = {
			isa = XCBuildConfiguration;
			buildSettings = {
				ASSETCATALOG_COMPILER_APPICON_NAME = AppIcon;
				CODE_SIGN_IDENTITY = "iPhone Developer";
				INFOPLIST_FILE = News/Info.plist;
				IPHONEOS_DEPLOYMENT_TARGET = 8.0;
				LD_RUNPATH_SEARCH_PATHS = "$(inherited) @executable_path/Frameworks";
				PRODUCT_BUNDLE_IDENTIFIER = com.SealDeveloper.News;
				PRODUCT_NAME = "$(TARGET_NAME)";
			};
			name = Debug;
		};
		EEB4DC511D2428DD00713534 /* Release */ = {
			isa = XCBuildConfiguration;
			buildSettings = {
				ASSETCATALOG_COMPILER_APPICON_NAME = AppIcon;
				CODE_SIGN_IDENTITY = "iPhone Developer";
				INFOPLIST_FILE = News/Info.plist;
				IPHONEOS_DEPLOYMENT_TARGET = 8.0;
				LD_RUNPATH_SEARCH_PATHS = "$(inherited) @executable_path/Frameworks";
				PRODUCT_BUNDLE_IDENTIFIER = com.SealDeveloper.News;
				PRODUCT_NAME = "$(TARGET_NAME)";
			};
			name = Release;
		};
/* End XCBuildConfiguration section */

/* Begin XCConfigurationList section */
		EEB4DC301D2428DD00713534 /* Build configuration list for PBXProject "News" */ = {
			isa = XCConfigurationList;
			buildConfigurations = (
				EEB4DC4D1D2428DD00713534 /* Debug */,
				EEB4DC4E1D2428DD00713534 /* Release */,
			);
			defaultConfigurationIsVisible = 0;
			defaultConfigurationName = Release;
		};
		EEB4DC4F1D2428DD00713534 /* Build configuration list for PBXNativeTarget "News" */ = {
			isa = XCConfigurationList;
			buildConfigurations = (
				EEB4DC501D2428DD00713534 /* Debug */,
				EEB4DC511D2428DD00713534 /* Release */,
			);
			defaultConfigurationIsVisible = 0;
			defaultConfigurationName = Release;
		};
/* End XCConfigurationList section */

/* Begin XCVersionGroup section */
		EEB4DC441D2428DD00713534 /* News.xcdatamodeld */ = {
			isa = XCVersionGroup;
			children = (
				EEB4DC451D2428DD00713534 /* News.xcdatamodel */,
			);
			currentVersion = EEB4DC451D2428DD00713534 /* News.xcdatamodel */;
			path = News.xcdatamodeld;
			sourceTree = "<group>";
			versionGroupType = wrapper.xcdatamodel;
		};
/* End XCVersionGroup section */
	};
	rootObject = EEB4DC2D1D2428DD00713534 /* Project object */;
}
